
Microsoft Visual Studio Solution File, Format Version 11.00
# Visual Studio 2010
# SharpDevelop 5.1
Project("{FAE04EC0-301F-11D3-BF4B-00C04F79EFBC}") = "Гаусс", "Гаусс\Гаусс.csproj", "{3546A9F7-AF5A-4A6F-8FD8-05A11AE6A9ED}"
EndProject
Global
	GlobalSection(SolutionConfigurationPlatforms) = preSolution
		Debug|Any CPU = Debug|Any CPU
		Release|Any CPU = Release|Any CPU
	EndGlobalSection
	GlobalSection(ProjectConfigurationPlatforms) = postSolution
		{3546A9F7-AF5A-4A6F-8FD8-05A11AE6A9ED}.Debug|Any CPU.ActiveCfg = Debug|Any CPU
		{3546A9F7-AF5A-4A6F-8FD8-05A11AE6A9ED}.Debug|Any CPU.Build.0 = Debug|Any CPU
		{3546A9F7-AF5A-4A6F-8FD8-05A11AE6A9ED}.Release|Any CPU.ActiveCfg = Release|Any CPU
		{3546A9F7-AF5A-4A6F-8FD8-05A11AE6A9ED}.Release|Any CPU.Build.0 = Release|Any CPU
	EndGlobalSection
EndGlobal
